// !$*UTF8*$!
{
	archiveVersion = 1;
	classes = {
	};
	objectVersion = 55;
	objects = {

/* Begin PBXBuildFile section */
		4038E8C3286DCED000C4BC5B /* BookwormApp.swift in Sources */ = {isa = PBXBuildFile; fileRef = 4038E8C2286DCED000C4BC5B /* BookwormApp.swift */; };
		4038E8C5286DCED000C4BC5B /* ContentView.swift in Sources */ = {isa = PBXBuildFile; fileRef = 4038E8C4286DCED000C4BC5B /* ContentView.swift */; };
		4038E8C7286DCED300C4BC5B /* Assets.xcassets in Resources */ = {isa = PBXBuildFile; fileRef = 4038E8C6286DCED300C4BC5B /* Assets.xcassets */; };
		4038E8CA286DCED300C4BC5B /* Preview Assets.xcassets in Resources */ = {isa = PBXBuildFile; fileRef = 4038E8C9286DCED300C4BC5B /* Preview Assets.xcassets */; };
		4038E8D4286DCED300C4BC5B /* BookwormTests.swift in Sources */ = {isa = PBXBuildFile; fileRef = 4038E8D3286DCED300C4BC5B /* BookwormTests.swift */; };
		4038E8DE286DCED300C4BC5B /* BookwormUITests.swift in Sources */ = {isa = PBXBuildFile; fileRef = 4038E8DD286DCED300C4BC5B /* BookwormUITests.swift */; };
		4038E8E0286DCED300C4BC5B /* BookwormUITestsLaunchTests.swift in Sources */ = {isa = PBXBuildFile; fileRef = 4038E8DF286DCED300C4BC5B /* BookwormUITestsLaunchTests.swift */; };
		4038E8EE286DDA6200C4BC5B /* Bookworm.xcdatamodeld in Sources */ = {isa = PBXBuildFile; fileRef = 4038E8EC286DDA6200C4BC5B /* Bookworm.xcdatamodeld */; };
		4038E8F0286DDAB400C4BC5B /* DataController.swift in Sources */ = {isa = PBXBuildFile; fileRef = 4038E8EF286DDAB400C4BC5B /* DataController.swift */; };
		4038E8F2286F3B1400C4BC5B /* AddBookView.swift in Sources */ = {isa = PBXBuildFile; fileRef = 4038E8F1286F3B1400C4BC5B /* AddBookView.swift */; };
		4038E8F4286F596000C4BC5B /* RatingView.swift in Sources */ = {isa = PBXBuildFile; fileRef = 4038E8F3286F596000C4BC5B /* RatingView.swift */; };
		4038E8F6286F5C7A00C4BC5B /* EmojiRatingView.swift in Sources */ = {isa = PBXBuildFile; fileRef = 4038E8F5286F5C7A00C4BC5B /* EmojiRatingView.swift */; };
		4038E8F828746C1D00C4BC5B /* DetailView.swift in Sources */ = {isa = PBXBuildFile; fileRef = 4038E8F728746C1C00C4BC5B /* DetailView.swift */; };
/* End PBXBuildFile section */

/* Begin PBXContainerItemProxy section */
		4038E8D0286DCED300C4BC5B /* PBXContainerItemProxy */ = {
			isa = PBXContainerItemProxy;
			containerPortal = 4038E8B7286DCED000C4BC5B /* Project object */;
			proxyType = 1;
			remoteGlobalIDString = 4038E8BE286DCED000C4BC5B;
			remoteInfo = Bookworm;
		};
		4038E8DA286DCED300C4BC5B /* PBXContainerItemProxy */ = {
			isa = PBXContainerItemProxy;
			containerPortal = 4038E8B7286DCED000C4BC5B /* Project object */;
			proxyType = 1;
			remoteGlobalIDString = 4038E8BE286DCED000C4BC5B;
			remoteInfo = Bookworm;
		};
/* End PBXContainerItemProxy section */

/* Begin PBXFileReference section */
		4038E8BF286DCED000C4BC5B /* Bookworm.app */ = {isa = PBXFileReference; explicitFileType = wrapper.application; includeInIndex = 0; path = Bookworm.app; sourceTree = BUILT_PRODUCTS_DIR; };
		4038E8C2286DCED000C4BC5B /* BookwormApp.swift */ = {isa = PBXFileReference; lastKnownFileType = sourcecode.swift; path = BookwormApp.swift; sourceTree = "<group>"; };
		4038E8C4286DCED000C4BC5B /* ContentView.swift */ = {isa = PBXFileReference; lastKnownFileType = sourcecode.swift; path = ContentView.swift; sourceTree = "<group>"; };
		4038E8C6286DCED300C4BC5B /* Assets.xcassets */ = {isa = PBXFileReference; lastKnownFileType = folder.assetcatalog; path = Assets.xcassets; sourceTree = "<group>"; };
		4038E8C9286DCED300C4BC5B /* Preview Assets.xcassets */ = {isa = PBXFileReference; lastKnownFileType = folder.assetcatalog; path = "Preview Assets.xcassets"; sourceTree = "<group>"; };
		4038E8CF286DCED300C4BC5B /* BookwormTests.xctest */ = {isa = PBXFileReference; explicitFileType = wrapper.cfbundle; includeInIndex = 0; path = BookwormTests.xctest; sourceTree = BUILT_PRODUCTS_DIR; };
		4038E8D3286DCED300C4BC5B /* BookwormTests.swift */ = {isa = PBXFileReference; lastKnownFileType = sourcecode.swift; path = BookwormTests.swift; sourceTree = "<group>"; };
		4038E8D9286DCED300C4BC5B /* BookwormUITests.xctest */ = {isa = PBXFileReference; explicitFileType = wrapper.cfbundle; includeInIndex = 0; path = BookwormUITests.xctest; sourceTree = BUILT_PRODUCTS_DIR; };
		4038E8DD286DCED300C4BC5B /* BookwormUITests.swift */ = {isa = PBXFileReference; lastKnownFileType = sourcecode.swift; path = BookwormUITests.swift; sourceTree = "<group>"; };
		4038E8DF286DCED300C4BC5B /* BookwormUITestsLaunchTests.swift */ = {isa = PBXFileReference; lastKnownFileType = sourcecode.swift; path = BookwormUITestsLaunchTests.swift; sourceTree = "<group>"; };
		4038E8ED286DDA6200C4BC5B /* Bookworm.xcdatamodel */ = {isa = PBXFileReference; lastKnownFileType = wrapper.xcdatamodel; path = Bookworm.xcdatamodel; sourceTree = "<group>"; };
		4038E8EF286DDAB400C4BC5B /* DataController.swift */ = {isa = PBXFileReference; lastKnownFileType = sourcecode.swift; path = DataController.swift; sourceTree = "<group>"; };
		4038E8F1286F3B1400C4BC5B /* AddBookView.swift */ = {isa = PBXFileReference; lastKnownFileType = sourcecode.swift; path = AddBookView.swift; sourceTree = "<group>"; };
		4038E8F3286F596000C4BC5B /* RatingView.swift */ = {isa = PBXFileReference; lastKnownFileType = sourcecode.swift; path = RatingView.swift; sourceTree = "<group>"; };
		4038E8F5286F5C7A00C4BC5B /* EmojiRatingView.swift */ = {isa = PBXFileReference; lastKnownFileType = sourcecode.swift; path = EmojiRatingView.swift; sourceTree = "<group>"; };
		4038E8F728746C1C00C4BC5B /* DetailView.swift */ = {isa = PBXFileReference; lastKnownFileType = sourcecode.swift; path = DetailView.swift; sourceTree = "<group>"; };
/* End PBXFileReference section */

/* Begin PBXFrameworksBuildPhase section */
		4038E8BC286DCED000C4BC5B /* Frameworks */ = {
			isa = PBXFrameworksBuildPhase;
			buildActionMask = 2147483647;
			files = (
			);
			runOnlyForDeploymentPostprocessing = 0;
		};
		4038E8CC286DCED300C4BC5B /* Frameworks */ = {
			isa = PBXFrameworksBuildPhase;
			buildActionMask = 2147483647;
			files = (
			);
			runOnlyForDeploymentPostprocessing = 0;
		};
		4038E8D6286DCED300C4BC5B /* Frameworks */ = {
			isa = PBXFrameworksBuildPhase;
			buildActionMask = 2147483647;
			files = (
			);
			runOnlyForDeploymentPostprocessing = 0;
		};
/* End PBXFrameworksBuildPhase section */

/* Begin PBXGroup section */
		4038E8B6286DCED000C4BC5B = {
			isa = PBXGroup;
			children = (
				4038E8C1286DCED000C4BC5B /* Bookworm */,
				4038E8D2286DCED300C4BC5B /* BookwormTests */,
				4038E8DC286DCED300C4BC5B /* BookwormUITests */,
				4038E8C0286DCED000C4BC5B /* Products */,
			);
			sourceTree = "<group>";
		};
		4038E8C0286DCED000C4BC5B /* Products */ = {
			isa = PBXGroup;
			children = (
				4038E8BF286DCED000C4BC5B /* Bookworm.app */,
				4038E8CF286DCED300C4BC5B /* BookwormTests.xctest */,
				4038E8D9286DCED300C4BC5B /* BookwormUITests.xctest */,
			);
			name = Products;
			sourceTree = "<group>";
		};
		4038E8C1286DCED000C4BC5B /* Bookworm */ = {
			isa = PBXGroup;
			children = (
				4038E8F5286F5C7A00C4BC5B /* EmojiRatingView.swift */,
				4038E8F3286F596000C4BC5B /* RatingView.swift */,
				4038E8C2286DCED000C4BC5B /* BookwormApp.swift */,
				4038E8C4286DCED000C4BC5B /* ContentView.swift */,
				4038E8EC286DDA6200C4BC5B /* Bookworm.xcdatamodeld */,
				4038E8F1286F3B1400C4BC5B /* AddBookView.swift */,
				4038E8EF286DDAB400C4BC5B /* DataController.swift */,
				4038E8C6286DCED300C4BC5B /* Assets.xcassets */,
				4038E8F728746C1C00C4BC5B /* DetailView.swift */,
				4038E8C8286DCED300C4BC5B /* Preview Content */,
			);
			path = Bookworm;
			sourceTree = "<group>";
		};
		4038E8C8286DCED300C4BC5B /* Preview Content */ = {
			isa = PBXGroup;
			children = (
				4038E8C9286DCED300C4BC5B /* Preview Assets.xcassets */,
			);
			path = "Preview Content";
			sourceTree = "<group>";
		};
		4038E8D2286DCED300C4BC5B /* BookwormTests */ = {
			isa = PBXGroup;
			children = (
				4038E8D3286DCED300C4BC5B /* BookwormTests.swift */,
			);
			path = BookwormTests;
			sourceTree = "<group>";
		};
		4038E8DC286DCED300C4BC5B /* BookwormUITests */ = {
			isa = PBXGroup;
			children = (
				4038E8DD286DCED300C4BC5B /* BookwormUITests.swift */,
				4038E8DF286DCED300C4BC5B /* BookwormUITestsLaunchTests.swift */,
			);
			path = BookwormUITests;
			sourceTree = "<group>";
		};
/* End PBXGroup section */

/* Begin PBXNativeTarget section */
		4038E8BE286DCED000C4BC5B /* Bookworm */ = {
			isa = PBXNativeTarget;
			buildConfigurationList = 4038E8E3286DCED300C4BC5B /* Build configuration list for PBXNativeTarget "Bookworm" */;
			buildPhases = (
				4038E8BB286DCED000C4BC5B /* Sources */,
				4038E8BC286DCED000C4BC5B /* Frameworks */,
				4038E8BD286DCED000C4BC5B /* Resources */,
			);
			buildRules = (
			);
			dependencies = (
			);
			name = Bookworm;
			productName = Bookworm;
			productReference = 4038E8BF286DCED000C4BC5B /* Bookworm.app */;
			productType = "com.apple.product-type.application";
		};
		4038E8CE286DCED300C4BC5B /* BookwormTests */ = {
			isa = PBXNativeTarget;
			buildConfigurationList = 4038E8E6286DCED300C4BC5B /* Build configuration list for PBXNativeTarget "BookwormTests" */;
			buildPhases = (
				4038E8CB286DCED300C4BC5B /* Sources */,
				4038E8CC286DCED300C4BC5B /* Frameworks */,
				4038E8CD286DCED300C4BC5B /* Resources */,
			);
			buildRules = (
			);
			dependencies = (
				4038E8D1286DCED300C4BC5B /* PBXTargetDependency */,
			);
			name = BookwormTests;
			productName = BookwormTests;
			productReference = 4038E8CF286DCED300C4BC5B /* BookwormTests.xctest */;
			productType = "com.apple.product-type.bundle.unit-test";
		};
		4038E8D8286DCED300C4BC5B /* BookwormUITests */ = {
			isa = PBXNativeTarget;
			buildConfigurationList = 4038E8E9286DCED300C4BC5B /* Build configuration list for PBXNativeTarget "BookwormUITests" */;
			buildPhases = (
				4038E8D5286DCED300C4BC5B /* Sources */,
				4038E8D6286DCED300C4BC5B /* Frameworks */,
				4038E8D7286DCED300C4BC5B /* Resources */,
			);
			buildRules = (
			);
			dependencies = (
				4038E8DB286DCED300C4BC5B /* PBXTargetDependency */,
			);
			name = BookwormUITests;
			productName = BookwormUITests;
			productReference = 4038E8D9286DCED300C4BC5B /* BookwormUITests.xctest */;
			productType = "com.apple.product-type.bundle.ui-testing";
		};
/* End PBXNativeTarget section */

/* Begin PBXProject section */
		4038E8B7286DCED000C4BC5B /* Project object */ = {
			isa = PBXProject;
			attributes = {
				BuildIndependentTargetsInParallel = 1;
				LastSwiftUpdateCheck = 1320;
				LastUpgradeCheck = 1320;
				TargetAttributes = {
					4038E8BE286DCED000C4BC5B = {
						CreatedOnToolsVersion = 13.2.1;
					};
					4038E8CE286DCED300C4BC5B = {
						CreatedOnToolsVersion = 13.2.1;
						TestTargetID = 4038E8BE286DCED000C4BC5B;
					};
					4038E8D8286DCED300C4BC5B = {
						CreatedOnToolsVersion = 13.2.1;
						TestTargetID = 4038E8BE286DCED000C4BC5B;
					};
				};
			};
			buildConfigurationList = 4038E8BA286DCED000C4BC5B /* Build configuration list for PBXProject "Bookworm" */;
			compatibilityVersion = "Xcode 13.0";
			developmentRegion = en;
			hasScannedForEncodings = 0;
			knownRegions = (
				en,
				Base,
			);
			mainGroup = 4038E8B6286DCED000C4BC5B;
			productRefGroup = 4038E8C0286DCED000C4BC5B /* Products */;
			projectDirPath = "";
			projectRoot = "";
			targets = (
				4038E8BE286DCED000C4BC5B /* Bookworm */,
				4038E8CE286DCED300C4BC5B /* BookwormTests */,
				4038E8D8286DCED300C4BC5B /* BookwormUITests */,
			);
		};
/* End PBXProject section */

/* Begin PBXResourcesBuildPhase section */
		4038E8BD286DCED000C4BC5B /* Resources */ = {
			isa = PBXResourcesBuildPhase;
			buildActionMask = 2147483647;
			files = (
				4038E8CA286DCED300C4BC5B /* Preview Assets.xcassets in Resources */,
				4038E8C7286DCED300C4BC5B /* Assets.xcassets in Resources */,
			);
			runOnlyForDeploymentPostprocessing = 0;
		};
		4038E8CD286DCED300C4BC5B /* Resources */ = {
			isa = PBXResourcesBuildPhase;
			buildActionMask = 2147483647;
			files = (
			);
			runOnlyForDeploymentPostprocessing = 0;
		};
		4038E8D7286DCED300C4BC5B /* Resources */ = {
			isa = PBXResourcesBuildPhase;
			buildActionMask = 2147483647;
			files = (
			);
			runOnlyForDeploymentPostprocessing = 0;
		};
/* End PBXResourcesBuildPhase section */

/* Begin PBXSourcesBuildPhase section */
		4038E8BB286DCED000C4BC5B /* Sources */ = {
			isa = PBXSourcesBuildPhase;
			buildActionMask = 2147483647;
			files = (
				4038E8C5286DCED000C4BC5B /* ContentView.swift in Sources */,
				4038E8F828746C1D00C4BC5B /* DetailView.swift in Sources */,
				4038E8F0286DDAB400C4BC5B /* DataController.swift in Sources */,
				4038E8F6286F5C7A00C4BC5B /* EmojiRatingView.swift in Sources */,
				4038E8EE286DDA6200C4BC5B /* Bookworm.xcdatamodeld in Sources */,
				4038E8F4286F596000C4BC5B /* RatingView.swift in Sources */,
				4038E8C3286DCED000C4BC5B /* BookwormApp.swift in Sources */,
				4038E8F2286F3B1400C4BC5B /* AddBookView.swift in Sources */,
			);
			runOnlyForDeploymentPostprocessing = 0;
		};
		4038E8CB286DCED300C4BC5B /* Sources */ = {
			isa = PBXSourcesBuildPhase;
			buildActionMask = 2147483647;
			files = (
				4038E8D4286DCED300C4BC5B /* BookwormTests.swift in Sources */,
			);
			runOnlyForDeploymentPostprocessing = 0;
		};
		4038E8D5286DCED300C4BC5B /* Sources */ = {
			isa = PBXSourcesBuildPhase;
			buildActionMask = 2147483647;
			files = (
				4038E8E0286DCED300C4BC5B /* BookwormUITestsLaunchTests.swift in Sources */,
				4038E8DE286DCED300C4BC5B /* BookwormUITests.swift in Sources */,
			);
			runOnlyForDeploymentPostprocessing = 0;
		};
/* End PBXSourcesBuildPhase section */

/* Begin PBXTargetDependency section */
		4038E8D1286DCED300C4BC5B /* PBXTargetDependency */ = {
			isa = PBXTargetDependency;
			target = 4038E8BE286DCED000C4BC5B /* Bookworm */;
			targetProxy = 4038E8D0286DCED300C4BC5B /* PBXContainerItemProxy */;
		};
		4038E8DB286DCED300C4BC5B /* PBXTargetDependency */ = {
			isa = PBXTargetDependency;
			target = 4038E8BE286DCED000C4BC5B /* Bookworm */;
			targetProxy = 4038E8DA286DCED300C4BC5B /* PBXContainerItemProxy */;
		};
/* End PBXTargetDependency section */

/* Begin XCBuildConfiguration section */
		4038E8E1286DCED300C4BC5B /* Debug */ = {
			isa = XCBuildConfiguration;
			buildSettings = {
				ALWAYS_SEARCH_USER_PATHS = NO;
				CLANG_ANALYZER_NONNULL = YES;
				CLANG_ANALYZER_NUMBER_OBJECT_CONVERSION = YES_AGGRESSIVE;
				CLANG_CXX_LANGUAGE_STANDARD = "gnu++17";
				CLANG_CXX_LIBRARY = "libc++";
				CLANG_ENABLE_MODULES = YES;
				CLANG_ENABLE_OBJC_ARC = YES;
				CLANG_ENABLE_OBJC_WEAK = YES;
				CLANG_WARN_BLOCK_CAPTURE_AUTORELEASING = YES;
				CLANG_WARN_BOOL_CONVERSION = YES;
				CLANG_WARN_COMMA = YES;
				CLANG_WARN_CONSTANT_CONVERSION = YES;
				CLANG_WARN_DEPRECATED_OBJC_IMPLEMENTATIONS = YES;
				CLANG_WARN_DIRECT_OBJC_ISA_USAGE = YES_ERROR;
				CLANG_WARN_DOCUMENTATION_COMMENTS = YES;
				CLANG_WARN_EMPTY_BODY = YES;
				CLANG_WARN_ENUM_CONVERSION = YES;
				CLANG_WARN_INFINITE_RECURSION = YES;
				CLANG_WARN_INT_CONVERSION = YES;
				CLANG_WARN_NON_LITERAL_NULL_CONVERSION = YES;
				CLANG_WARN_OBJC_IMPLICIT_RETAIN_SELF = YES;
				CLANG_WARN_OBJC_LITERAL_CONVERSION = YES;
				CLANG_WARN_OBJC_ROOT_CLASS = YES_ERROR;
				CLANG_WARN_QUOTED_INCLUDE_IN_FRAMEWORK_HEADER = YES;
				CLANG_WARN_RANGE_LOOP_ANALYSIS = YES;
				CLANG_WARN_STRICT_PROTOTYPES = YES;
				CLANG_WARN_SUSPICIOUS_MOVE = YES;
				CLANG_WARN_UNGUARDED_AVAILABILITY = YES_AGGRESSIVE;
				CLANG_WARN_UNREACHABLE_CODE = YES;
				CLANG_WARN__DUPLICATE_METHOD_MATCH = YES;
				COPY_PHASE_STRIP = NO;
				DEBUG_INFORMATION_FORMAT = dwarf;
				ENABLE_STRICT_OBJC_MSGSEND = YES;
				ENABLE_TESTABILITY = YES;
				GCC_C_LANGUAGE_STANDARD = gnu11;
				GCC_DYNAMIC_NO_PIC = NO;
				GCC_NO_COMMON_BLOCKS = YES;
				GCC_OPTIMIZATION_LEVEL = 0;
				GCC_PREPROCESSOR_DEFINITIONS = (
					"DEBUG=1",
					"$(inherited)",
				);
				GCC_WARN_64_TO_32_BIT_CONVERSION = YES;
				GCC_WARN_ABOUT_RETURN_TYPE = YES_ERROR;
				GCC_WARN_UNDECLARED_SELECTOR = YES;
				GCC_WARN_UNINITIALIZED_AUTOS = YES_AGGRESSIVE;
				GCC_WARN_UNUSED_FUNCTION = YES;
				GCC_WARN_UNUSED_VARIABLE = YES;
				IPHONEOS_DEPLOYMENT_TARGET = 15.2;
				MTL_ENABLE_DEBUG_INFO = INCLUDE_SOURCE;
				MTL_FAST_MATH = YES;
				ONLY_ACTIVE_ARCH = YES;
				SDKROOT = iphoneos;
				SWIFT_ACTIVE_COMPILATION_CONDITIONS = DEBUG;
				SWIFT_OPTIMIZATION_LEVEL = "-Onone";
			};
			name = Debug;
		};
		4038E8E2286DCED300C4BC5B /* Release */ = {
			isa = XCBuildConfiguration;
			buildSettings = {
				ALWAYS_SEARCH_USER_PATHS = NO;
				CLANG_ANALYZER_NONNULL = YES;
				CLANG_ANALYZER_NUMBER_OBJECT_CONVERSION = YES_AGGRESSIVE;
				CLANG_CXX_LANGUAGE_STANDARD = "gnu++17";
				CLANG_CXX_LIBRARY = "libc++";
				CLANG_ENABLE_MODULES = YES;
				CLANG_ENABLE_OBJC_ARC = YES;
				CLANG_ENABLE_OBJC_WEAK = YES;
				CLANG_WARN_BLOCK_CAPTURE_AUTORELEASING = YES;
				CLANG_WARN_BOOL_CONVERSION = YES;
				CLANG_WARN_COMMA = YES;
				CLANG_WARN_CONSTANT_CONVERSION = YES;
				CLANG_WARN_DEPRECATED_OBJC_IMPLEMENTATIONS = YES;
				CLANG_WARN_DIRECT_OBJC_ISA_USAGE = YES_ERROR;
				CLANG_WARN_DOCUMENTATION_COMMENTS = YES;
				CLANG_WARN_EMPTY_BODY = YES;
				CLANG_WARN_ENUM_CONVERSION = YES;
				CLANG_WARN_INFINITE_RECURSION = YES;
				CLANG_WARN_INT_CONVERSION = YES;
				CLANG_WARN_NON_LITERAL_NULL_CONVERSION = YES;
				CLANG_WARN_OBJC_IMPLICIT_RETAIN_SELF = YES;
				CLANG_WARN_OBJC_LITERAL_CONVERSION = YES;
				CLANG_WARN_OBJC_ROOT_CLASS = YES_ERROR;
				CLANG_WARN_QUOTED_INCLUDE_IN_FRAMEWORK_HEADER = YES;
				CLANG_WARN_RANGE_LOOP_ANALYSIS = YES;
				CLANG_WARN_STRICT_PROTOTYPES = YES;
				CLANG_WARN_SUSPICIOUS_MOVE = YES;
				CLANG_WARN_UNGUARDED_AVAILABILITY = YES_AGGRESSIVE;
				CLANG_WARN_UNREACHABLE_CODE = YES;
				CLANG_WARN__DUPLICATE_METHOD_MATCH = YES;
				COPY_PHASE_STRIP = NO;
				DEBUG_INFORMATION_FORMAT = "dwarf-with-dsym";
				ENABLE_NS_ASSERTIONS = NO;
				ENABLE_STRICT_OBJC_MSGSEND = YES;
				GCC_C_LANGUAGE_STANDARD = gnu11;
				GCC_NO_COMMON_BLOCKS = YES;
				GCC_WARN_64_TO_32_BIT_CONVERSION = YES;
				GCC_WARN_ABOUT_RETURN_TYPE = YES_ERROR;
				GCC_WARN_UNDECLARED_SELECTOR = YES;
				GCC_WARN_UNINITIALIZED_AUTOS = YES_AGGRESSIVE;
				GCC_WARN_UNUSED_FUNCTION = YES;
				GCC_WARN_UNUSED_VARIABLE = YES;
				IPHONEOS_DEPLOYMENT_TARGET = 15.2;
				MTL_ENABLE_DEBUG_INFO = NO;
				MTL_FAST_MATH = YES;
				SDKROOT = iphoneos;
				SWIFT_COMPILATION_MODE = wholemodule;
				SWIFT_OPTIMIZATION_LEVEL = "-O";
				VALIDATE_PRODUCT = YES;
			};
			name = Release;
		};
		4038E8E4286DCED300C4BC5B /* Debug */ = {
			isa = XCBuildConfiguration;
			buildSettings = {
				ASSETCATALOG_COMPILER_APPICON_NAME = AppIcon;
				ASSETCATALOG_COMPILER_GLOBAL_ACCENT_COLOR_NAME = AccentColor;
				CODE_SIGN_STYLE = Automatic;
				CURRENT_PROJECT_VERSION = 1;
				DEVELOPMENT_ASSET_PATHS = "\"Bookworm/Preview Content\"";
				ENABLE_PREVIEWS = YES;
				GENERATE_INFOPLIST_FILE = YES;
				INFOPLIST_KEY_UIApplicationSceneManifest_Generation = YES;
				INFOPLIST_KEY_UIApplicationSupportsIndirectInputEvents = YES;
				INFOPLIST_KEY_UILaunchScreen_Generation = YES;
				INFOPLIST_KEY_UISupportedInterfaceOrientations_iPad = "UIInterfaceOrientationPortrait UIInterfaceOrientationPortraitUpsideDown UIInterfaceOrientationLandscapeLeft UIInterfaceOrientationLandscapeRight";
				INFOPLIST_KEY_UISupportedInterfaceOrientations_iPhone = "UIInterfaceOrientationPortrait UIInterfaceOrientationLandscapeLeft UIInterfaceOrientationLandscapeRight";
				LD_RUNPATH_SEARCH_PATHS = (
					"$(inherited)",
					"@executable_path/Frameworks",
				);
				MARKETING_VERSION = 1.0;
				PRODUCT_BUNDLE_IDENTIFIER = com.example.Bookworm;
				PRODUCT_NAME = "$(TARGET_NAME)";
				SWIFT_EMIT_LOC_STRINGS = YES;
				SWIFT_VERSION = 5.0;
				TARGETED_DEVICE_FAMILY = "1,2";
			};
			name = Debug;
		};
		4038E8E5286DCED300C4BC5B /* Release */ = {
			isa = XCBuildConfiguration;
			buildSettings = {
				ASSETCATALOG_COMPILER_APPICON_NAME = AppIcon;
				ASSETCATALOG_COMPILER_GLOBAL_ACCENT_COLOR_NAME = AccentColor;
				CODE_SIGN_STYLE = Automatic;
				CURRENT_PROJECT_VERSION = 1;
				DEVELOPMENT_ASSET_PATHS = "\"Bookworm/Preview Content\"";
				ENABLE_PREVIEWS = YES;
				GENERATE_INFOPLIST_FILE = YES;
				INFOPLIST_KEY_UIApplicationSceneManifest_Generation = YES;
				INFOPLIST_KEY_UIApplicationSupportsIndirectInputEvents = YES;
				INFOPLIST_KEY_UILaunchScreen_Generation = YES;
				INFOPLIST_KEY_UISupportedInterfaceOrientations_iPad = "UIInterfaceOrientationPortrait UIInterfaceOrientationPortraitUpsideDown UIInterfaceOrientationLandscapeLeft UIInterfaceOrientationLandscapeRight";
				INFOPLIST_KEY_UISupportedInterfaceOrientations_iPhone = "UIInterfaceOrientationPortrait UIInterfaceOrientationLandscapeLeft UIInterfaceOrientationLandscapeRight";
				LD_RUNPATH_SEARCH_PATHS = (
					"$(inherited)",
					"@executable_path/Frameworks",
				);
				MARKETING_VERSION = 1.0;
				PRODUCT_BUNDLE_IDENTIFIER = com.example.Bookworm;
				PRODUCT_NAME = "$(TARGET_NAME)";
				SWIFT_EMIT_LOC_STRINGS = YES;
				SWIFT_VERSION = 5.0;
				TARGETED_DEVICE_FAMILY = "1,2";
			};
			name = Release;
		};
		4038E8E7286DCED300C4BC5B /* Debug */ = {
			isa = XCBuildConfiguration;
			buildSettings = {
				ALWAYS_EMBED_SWIFT_STANDARD_LIBRARIES = YES;
				BUNDLE_LOADER = "$(TEST_HOST)";
				CODE_SIGN_STYLE = Automatic;
				CURRENT_PROJECT_VERSION = 1;
				GENERATE_INFOPLIST_FILE = YES;
				IPHONEOS_DEPLOYMENT_TARGET = 15.2;
				MARKETING_VERSION = 1.0;
				PRODUCT_BUNDLE_IDENTIFIER = com.example.BookwormTests;
				PRODUCT_NAME = "$(TARGET_NAME)";
				SWIFT_EMIT_LOC_STRINGS = NO;
				SWIFT_VERSION = 5.0;
				TARGETED_DEVICE_FAMILY = "1,2";
				TEST_HOST = "$(BUILT_PRODUCTS_DIR)/Bookworm.app/Bookworm";
			};
			name = Debug;
		};
		4038E8E8286DCED300C4BC5B /* Release */ = {
			isa = XCBuildConfiguration;
			buildSettings = {
				ALWAYS_EMBED_SWIFT_STANDARD_LIBRARIES = YES;
				BUNDLE_LOADER = "$(TEST_HOST)";
				CODE_SIGN_STYLE = Automatic;
				CURRENT_PROJECT_VERSION = 1;
				GENERATE_INFOPLIST_FILE = YES;
				IPHONEOS_DEPLOYMENT_TARGET = 15.2;
				MARKETING_VERSION = 1.0;
				PRODUCT_BUNDLE_IDENTIFIER = com.example.BookwormTests;
				PRODUCT_NAME = "$(TARGET_NAME)";
				SWIFT_EMIT_LOC_STRINGS = NO;
				SWIFT_VERSION = 5.0;
				TARGETED_DEVICE_FAMILY = "1,2";
				TEST_HOST = "$(BUILT_PRODUCTS_DIR)/Bookworm.app/Bookworm";
			};
			name = Release;
		};
		4038E8EA286DCED300C4BC5B /* Debug */ = {
			isa = XCBuildConfiguration;
			buildSettings = {
				ALWAYS_EMBED_SWIFT_STANDARD_LIBRARIES = YES;
				CODE_SIGN_STYLE = Automatic;
				CURRENT_PROJECT_VERSION = 1;
				GENERATE_INFOPLIST_FILE = YES;
				MARKETING_VERSION = 1.0;
				PRODUCT_BUNDLE_IDENTIFIER = com.example.BookwormUITests;
				PRODUCT_NAME = "$(TARGET_NAME)";
				SWIFT_EMIT_LOC_STRINGS = NO;
				SWIFT_VERSION = 5.0;
				TARGETED_DEVICE_FAMILY = "1,2";
				TEST_TARGET_NAME = Bookworm;
			};
			name = Debug;
		};
		4038E8EB286DCED300C4BC5B /* Release */ = {
			isa = XCBuildConfiguration;
			buildSettings = {
				ALWAYS_EMBED_SWIFT_STANDARD_LIBRARIES = YES;
				CODE_SIGN_STYLE = Automatic;
				CURRENT_PROJECT_VERSION = 1;
				GENERATE_INFOPLIST_FILE = YES;
				MARKETING_VERSION = 1.0;
				PRODUCT_BUNDLE_IDENTIFIER = com.example.BookwormUITests;
				PRODUCT_NAME = "$(TARGET_NAME)";
				SWIFT_EMIT_LOC_STRINGS = NO;
				SWIFT_VERSION = 5.0;
				TARGETED_DEVICE_FAMILY = "1,2";
				TEST_TARGET_NAME = Bookworm;
			};
			name = Release;
		};
/* End XCBuildConfiguration section */

/* Begin XCConfigurationList section */
		4038E8BA286DCED000C4BC5B /* Build configuration list for PBXProject "Bookworm" */ = {
			isa = XCConfigurationList;
			buildConfigurations = (
				4038E8E1286DCED300C4BC5B /* Debug */,
				4038E8E2286DCED300C4BC5B /* Release */,
			);
			defaultConfigurationIsVisible = 0;
			defaultConfigurationName = Release;
		};
		4038E8E3286DCED300C4BC5B /* Build configuration list for PBXNativeTarget "Bookworm" */ = {
			isa = XCConfigurationList;
			buildConfigurations = (
				4038E8E4286DCED300C4BC5B /* Debug */,
				4038E8E5286DCED300C4BC5B /* Release */,
			);
			defaultConfigurationIsVisible = 0;
			defaultConfigurationName = Release;
		};
		4038E8E6286DCED300C4BC5B /* Build configuration list for PBXNativeTarget "BookwormTests" */ = {
			isa = XCConfigurationList;
			buildConfigurations = (
				4038E8E7286DCED300C4BC5B /* Debug */,
				4038E8E8286DCED300C4BC5B /* Release */,
			);
			defaultConfigurationIsVisible = 0;
			defaultConfigurationName = Release;
		};
		4038E8E9286DCED300C4BC5B /* Build configuration list for PBXNativeTarget "BookwormUITests" */ = {
			isa = XCConfigurationList;
			buildConfigurations = (
				4038E8EA286DCED300C4BC5B /* Debug */,
				4038E8EB286DCED300C4BC5B /* Release */,
			);
			defaultConfigurationIsVisible = 0;
			defaultConfigurationName = Release;
		};
/* End XCConfigurationList section */

/* Begin XCVersionGroup section */
		4038E8EC286DDA6200C4BC5B /* Bookworm.xcdatamodeld */ = {
			isa = XCVersionGroup;
			children = (
				4038E8ED286DDA6200C4BC5B /* Bookworm.xcdatamodel */,
			);
			currentVersion = 4038E8ED286DDA6200C4BC5B /* Bookworm.xcdatamodel */;
			path = Bookworm.xcdatamodeld;
			sourceTree = "<group>";
			versionGroupType = wrapper.xcdatamodel;
		};
/* End XCVersionGroup section */
	};
	rootObject = 4038E8B7286DCED000C4BC5B /* Project object */;
}
